{
  "name": "@reachpad/mcp",
  "version": "0.2.0",
  "lockfileVersion": 3,
  "requires": true,
  "packages": {
    "": {
      "name": "@reachpad/mcp",
      "version": "0.2.0",
      "license": "UNLICENSED",
      "bin": {
        "reachpad-mcp": "src/server.js"
      },
      "engines": {
        "node": ">=20"
      }
    }
  }
}
